
Microsoft Visual Studio Solution File, Format Version 12.00
# Visual Studio Version 17
VisualStudioVersion = 17.6.33815.320
MinimumVisualStudioVersion = 10.0.40219.1
Project("{9A19103F-16F7-4668-BE54-9A1E7A4F7556}") = "niteco-mvc-project", "niteco-mvc-project\niteco-mvc-project.csproj", "{016BE309-3079-4CB5-9EF0-ED9F02B373D4}"
EndProject
Project("{9A19103F-16F7-4668-BE54-9A1E7A4F7556}") = "unit-test", "unit-test\unit-test.csproj", "{4A7DCD74-406F-4A0E-AFDD-6026DF1E73D6}"
EndProject
Global
	GlobalSection(SolutionConfigurationPlatforms) = preSolution
		Debug|Any CPU = Debug|Any CPU
		Release|Any CPU = Release|Any CPU
	EndGlobalSection
	GlobalSection(ProjectConfigurationPlatforms) = postSolution
		{016BE309-3079-4CB5-9EF0-ED9F02B373D4}.Debug|Any CPU.ActiveCfg = Debug|Any CPU
		{016BE309-3079-4CB5-9EF0-ED9F02B373D4}.Debug|Any CPU.Build.0 = Debug|Any CPU
		{016BE309-3079-4CB5-9EF0-ED9F02B373D4}.Release|Any CPU.ActiveCfg = Release|Any CPU
		{016BE309-3079-4CB5-9EF0-ED9F02B373D4}.Release|Any CPU.Build.0 = Release|Any CPU
		{4A7DCD74-406F-4A0E-AFDD-6026DF1E73D6}.Debug|Any CPU.ActiveCfg = Debug|Any CPU
		{4A7DCD74-406F-4A0E-AFDD-6026DF1E73D6}.Debug|Any CPU.Build.0 = Debug|Any CPU
		{4A7DCD74-406F-4A0E-AFDD-6026DF1E73D6}.Release|Any CPU.ActiveCfg = Release|Any CPU
		{4A7DCD74-406F-4A0E-AFDD-6026DF1E73D6}.Release|Any CPU.Build.0 = Release|Any CPU
	EndGlobalSection
	GlobalSection(SolutionProperties) = preSolution
		HideSolutionNode = FALSE
	EndGlobalSection
	GlobalSection(ExtensibilityGlobals) = postSolution
		SolutionGuid = {62566C43-9AAD-4B1B-A690-40B7B684485C}
	EndGlobalSection
EndGlobal
